
Microsoft Visual Studio Solution File, Format Version 12.00
# Visual Studio Version 16
VisualStudioVersion = 16.0.30621.155
MinimumVisualStudioVersion = 10.0.40219.1
Project("{FAE04EC0-301F-11D3-BF4B-00C04F79EFBC}") = "ColorConvertor", "ColorConvertor\ColorConvertor.csproj", "{1BCCB498-9041-442A-8B8C-34CAC92795AD}"
EndProject
Global
	GlobalSection(SolutionConfigurationPlatforms) = preSolution
		Debug|Any CPU = Debug|Any CPU
		Release|Any CPU = Release|Any CPU
	EndGlobalSection
	GlobalSection(ProjectConfigurationPlatforms) = postSolution
		{1BCCB498-9041-442A-8B8C-34CAC92795AD}.Debug|Any CPU.ActiveCfg = Debug|Any CPU
		{1BCCB498-9041-442A-8B8C-34CAC92795AD}.Debug|Any CPU.Build.0 = Debug|Any CPU
		{1BCCB498-9041-442A-8B8C-34CAC92795AD}.Release|Any CPU.ActiveCfg = Release|Any CPU
		{1BCCB498-9041-442A-8B8C-34CAC92795AD}.Release|Any CPU.Build.0 = Release|Any CPU
	EndGlobalSection
	GlobalSection(SolutionProperties) = preSolution
		HideSolutionNode = FALSE
	EndGlobalSection
	GlobalSection(ExtensibilityGlobals) = postSolution
		SolutionGuid = {AEFEA962-46A1-4139-9417-D8A18306F1AA}
	EndGlobalSection
EndGlobal
